// !$*UTF8*$!
{
	archiveVersion = 1;
	classes = {
	};
	objectVersion = 56;
	objects = {

/* Begin PBXBuildFile section */
		D61A5E742A87E63300D2EB40 /* AppDelegate.swift in Sources */ = {isa = PBXBuildFile; fileRef = D61A5E732A87E63300D2EB40 /* AppDelegate.swift */; };
		D61A5E762A87E63300D2EB40 /* SceneDelegate.swift in Sources */ = {isa = PBXBuildFile; fileRef = D61A5E752A87E63300D2EB40 /* SceneDelegate.swift */; };
		D61A5E782A87E63300D2EB40 /* MovieTrendWeekViewController.swift in Sources */ = {isa = PBXBuildFile; fileRef = D61A5E772A87E63300D2EB40 /* MovieTrendWeekViewController.swift */; };
		D61A5E7D2A87E63400D2EB40 /* Assets.xcassets in Resources */ = {isa = PBXBuildFile; fileRef = D61A5E7C2A87E63400D2EB40 /* Assets.xcassets */; };
		D61A5E802A87E63400D2EB40 /* LaunchScreen.storyboard in Resources */ = {isa = PBXBuildFile; fileRef = D61A5E7E2A87E63400D2EB40 /* LaunchScreen.storyboard */; };
		D61A5E892A87F0B800D2EB40 /* Alamofire in Frameworks */ = {isa = PBXBuildFile; productRef = D61A5E882A87F0B800D2EB40 /* Alamofire */; };
		D61A5E8C2A87F0C100D2EB40 /* Kingfisher in Frameworks */ = {isa = PBXBuildFile; productRef = D61A5E8B2A87F0C100D2EB40 /* Kingfisher */; };
		D61A5E8F2A87F0E000D2EB40 /* SwiftyJSON in Frameworks */ = {isa = PBXBuildFile; productRef = D61A5E8E2A87F0E000D2EB40 /* SwiftyJSON */; };
		D61A5E912A87FFD500D2EB40 /* .gitIgnore in Resources */ = {isa = PBXBuildFile; fileRef = D61A5E902A87FFD500D2EB40 /* .gitIgnore */; };
		D61A5E932A88001B00D2EB40 /* APIKey.swift in Sources */ = {isa = PBXBuildFile; fileRef = D61A5E922A88001B00D2EB40 /* APIKey.swift */; };
		D61A5E952A880B5D00D2EB40 /* Movie.swift in Sources */ = {isa = PBXBuildFile; fileRef = D61A5E942A880B5D00D2EB40 /* Movie.swift */; };
		D61A5E982A880D7D00D2EB40 /* MovieCollectionViewCell.swift in Sources */ = {isa = PBXBuildFile; fileRef = D61A5E962A880D7D00D2EB40 /* MovieCollectionViewCell.swift */; };
		D61A5E992A880D7D00D2EB40 /* MovieCollectionViewCell.xib in Resources */ = {isa = PBXBuildFile; fileRef = D61A5E972A880D7D00D2EB40 /* MovieCollectionViewCell.xib */; };
		D61A5E9B2A880FA900D2EB40 /* identifierProtocol.swift in Sources */ = {isa = PBXBuildFile; fileRef = D61A5E9A2A880FA900D2EB40 /* identifierProtocol.swift */; };
		D61AAC8B2A89026300F3BE4C /* MovieDetailTableViewCell.swift in Sources */ = {isa = PBXBuildFile; fileRef = D61AAC892A89026300F3BE4C /* MovieDetailTableViewCell.swift */; };
		D61AAC8C2A89026300F3BE4C /* MovieDetailTableViewCell.xib in Resources */ = {isa = PBXBuildFile; fileRef = D61AAC8A2A89026300F3BE4C /* MovieDetailTableViewCell.xib */; };
		D61AAC8F2A89029900F3BE4C /* MovieDetailViewController.swift in Sources */ = {isa = PBXBuildFile; fileRef = D61AAC8E2A89029900F3BE4C /* MovieDetailViewController.swift */; };
		D61AAC972A8B628500F3BE4C /* MoviePersons.swift in Sources */ = {isa = PBXBuildFile; fileRef = D61AAC962A8B628500F3BE4C /* MoviePersons.swift */; };
		D648226D2A90C0810094E274 /* Similer.swift in Sources */ = {isa = PBXBuildFile; fileRef = D648226C2A90C0810094E274 /* Similer.swift */; };
		D648226F2A9115FA0094E274 /* Videos.swift in Sources */ = {isa = PBXBuildFile; fileRef = D648226E2A9115FA0094E274 /* Videos.swift */; };
		D67E68C22A99FB67009CC5D8 /* IntroViewController.swift in Sources */ = {isa = PBXBuildFile; fileRef = D67E68C12A99FB67009CC5D8 /* IntroViewController.swift */; };
		D67E68C42A99FBD7009CC5D8 /* UserDefaultManager.swift in Sources */ = {isa = PBXBuildFile; fileRef = D67E68C32A99FBD7009CC5D8 /* UserDefaultManager.swift */; };
		D67E68C72A9A2697009CC5D8 /* FirstViewController.swift in Sources */ = {isa = PBXBuildFile; fileRef = D67E68C62A9A2697009CC5D8 /* FirstViewController.swift */; };
		D67E68C92A9A26AF009CC5D8 /* SecondViewController.swift in Sources */ = {isa = PBXBuildFile; fileRef = D67E68C82A9A26AF009CC5D8 /* SecondViewController.swift */; };
		D67E68CB2A9A26B6009CC5D8 /* ThirdViewController.swift in Sources */ = {isa = PBXBuildFile; fileRef = D67E68CA2A9A26B6009CC5D8 /* ThirdViewController.swift */; };
		D67E68CD2A9A26C8009CC5D8 /* FourthViewController.swift in Sources */ = {isa = PBXBuildFile; fileRef = D67E68CC2A9A26C8009CC5D8 /* FourthViewController.swift */; };
		D67E68D02A9A3143009CC5D8 /* OnboardingLabel.swift in Sources */ = {isa = PBXBuildFile; fileRef = D67E68CF2A9A3143009CC5D8 /* OnboardingLabel.swift */; };
		D67E68D22A9A3158009CC5D8 /* OnboardingImageView.swift in Sources */ = {isa = PBXBuildFile; fileRef = D67E68D12A9A3158009CC5D8 /* OnboardingImageView.swift */; };
		D67E68D52A9A37B6009CC5D8 /* SnapKit in Frameworks */ = {isa = PBXBuildFile; productRef = D67E68D42A9A37B6009CC5D8 /* SnapKit */; };
		D697CD232A887B7100DDC556 /* MovieAPIManager.swift in Sources */ = {isa = PBXBuildFile; fileRef = D697CD222A887B7100DDC556 /* MovieAPIManager.swift */; };
		D697CD262A889F1800DDC556 /* UILabel+Extension.swift in Sources */ = {isa = PBXBuildFile; fileRef = D697CD252A889F1800DDC556 /* UILabel+Extension.swift */; };
		D6B4D7582A9C9DC7007D7935 /* BaseViewController.swift in Sources */ = {isa = PBXBuildFile; fileRef = D6B4D7572A9C9DC7007D7935 /* BaseViewController.swift */; };
		D6B4D75A2A9C9F22007D7935 /* BaseView.swift in Sources */ = {isa = PBXBuildFile; fileRef = D6B4D7592A9C9F22007D7935 /* BaseView.swift */; };
		D6B4D75C2A9C9F89007D7935 /* BaseCollectionViewCell.swift in Sources */ = {isa = PBXBuildFile; fileRef = D6B4D75B2A9C9F89007D7935 /* BaseCollectionViewCell.swift */; };
		D6B4D75E2A9CA1AA007D7935 /* MovieTrendWeekView.swift in Sources */ = {isa = PBXBuildFile; fileRef = D6B4D75D2A9CA1AA007D7935 /* MovieTrendWeekView.swift */; };
		D6B4D7602A9CABDC007D7935 /* MovieDetailView.swift in Sources */ = {isa = PBXBuildFile; fileRef = D6B4D75F2A9CABDC007D7935 /* MovieDetailView.swift */; };
		D6B4D7622A9D0386007D7935 /* String+Extension.swift in Sources */ = {isa = PBXBuildFile; fileRef = D6B4D7612A9D0386007D7935 /* String+Extension.swift */; };
		D6CD17F72A9E183800732C3E /* ProfileViewController.swift in Sources */ = {isa = PBXBuildFile; fileRef = D6CD17F62A9E183800732C3E /* ProfileViewController.swift */; };
		D6CD17F92A9E2A8000732C3E /* ProfileView.swift in Sources */ = {isa = PBXBuildFile; fileRef = D6CD17F82A9E2A8000732C3E /* ProfileView.swift */; };
		D6CD17FB2A9E2B7F00732C3E /* BaseTableViewCell.swift in Sources */ = {isa = PBXBuildFile; fileRef = D6CD17FA2A9E2B7F00732C3E /* BaseTableViewCell.swift */; };
		D6CD17FD2A9E46E500732C3E /* ProfileTableViewCell.swift in Sources */ = {isa = PBXBuildFile; fileRef = D6CD17FC2A9E46E500732C3E /* ProfileTableViewCell.swift */; };
		D6CD18002A9E5BA700732C3E /* NameSettingViewController.swift in Sources */ = {isa = PBXBuildFile; fileRef = D6CD17FF2A9E5BA700732C3E /* NameSettingViewController.swift */; };
		D6CD18022A9E5BE000732C3E /* DelegatePatternTestProtocol.swift in Sources */ = {isa = PBXBuildFile; fileRef = D6CD18012A9E5BE000732C3E /* DelegatePatternTestProtocol.swift */; };
		D6CD18042A9E620900732C3E /* UserIdSettingViewController.swift in Sources */ = {isa = PBXBuildFile; fileRef = D6CD18032A9E620900732C3E /* UserIdSettingViewController.swift */; };
/* End PBXBuildFile section */

/* Begin PBXFileReference section */
		D61A5E702A87E63300D2EB40 /* TMDB.app */ = {isa = PBXFileReference; explicitFileType = wrapper.application; includeInIndex = 0; path = TMDB.app; sourceTree = BUILT_PRODUCTS_DIR; };
		D61A5E732A87E63300D2EB40 /* AppDelegate.swift */ = {isa = PBXFileReference; lastKnownFileType = sourcecode.swift; path = AppDelegate.swift; sourceTree = "<group>"; };
		D61A5E752A87E63300D2EB40 /* SceneDelegate.swift */ = {isa = PBXFileReference; lastKnownFileType = sourcecode.swift; path = SceneDelegate.swift; sourceTree = "<group>"; };
		D61A5E772A87E63300D2EB40 /* MovieTrendWeekViewController.swift */ = {isa = PBXFileReference; lastKnownFileType = sourcecode.swift; path = MovieTrendWeekViewController.swift; sourceTree = "<group>"; };
		D61A5E7C2A87E63400D2EB40 /* Assets.xcassets */ = {isa = PBXFileReference; lastKnownFileType = folder.assetcatalog; path = Assets.xcassets; sourceTree = "<group>"; };
		D61A5E7F2A87E63400D2EB40 /* Base */ = {isa = PBXFileReference; lastKnownFileType = file.storyboard; name = Base; path = Base.lproj/LaunchScreen.storyboard; sourceTree = "<group>"; };
		D61A5E812A87E63400D2EB40 /* Info.plist */ = {isa = PBXFileReference; lastKnownFileType = text.plist.xml; path = Info.plist; sourceTree = "<group>"; };
		D61A5E902A87FFD500D2EB40 /* .gitIgnore */ = {isa = PBXFileReference; lastKnownFileType = text; path = .gitIgnore; sourceTree = "<group>"; };
		D61A5E922A88001B00D2EB40 /* APIKey.swift */ = {isa = PBXFileReference; lastKnownFileType = sourcecode.swift; path = APIKey.swift; sourceTree = "<group>"; };
		D61A5E942A880B5D00D2EB40 /* Movie.swift */ = {isa = PBXFileReference; lastKnownFileType = sourcecode.swift; path = Movie.swift; sourceTree = "<group>"; };
		D61A5E962A880D7D00D2EB40 /* MovieCollectionViewCell.swift */ = {isa = PBXFileReference; lastKnownFileType = sourcecode.swift; path = MovieCollectionViewCell.swift; sourceTree = "<group>"; };
		D61A5E972A880D7D00D2EB40 /* MovieCollectionViewCell.xib */ = {isa = PBXFileReference; lastKnownFileType = file.xib; path = MovieCollectionViewCell.xib; sourceTree = "<group>"; };
		D61A5E9A2A880FA900D2EB40 /* identifierProtocol.swift */ = {isa = PBXFileReference; lastKnownFileType = sourcecode.swift; path = identifierProtocol.swift; sourceTree = "<group>"; };
		D61AAC892A89026300F3BE4C /* MovieDetailTableViewCell.swift */ = {isa = PBXFileReference; lastKnownFileType = sourcecode.swift; path = MovieDetailTableViewCell.swift; sourceTree = "<group>"; };
		D61AAC8A2A89026300F3BE4C /* MovieDetailTableViewCell.xib */ = {isa = PBXFileReference; lastKnownFileType = file.xib; path = MovieDetailTableViewCell.xib; sourceTree = "<group>"; };
		D61AAC8E2A89029900F3BE4C /* MovieDetailViewController.swift */ = {isa = PBXFileReference; lastKnownFileType = sourcecode.swift; path = MovieDetailViewController.swift; sourceTree = "<group>"; };
		D61AAC962A8B628500F3BE4C /* MoviePersons.swift */ = {isa = PBXFileReference; lastKnownFileType = sourcecode.swift; path = MoviePersons.swift; sourceTree = "<group>"; };
		D648226C2A90C0810094E274 /* Similer.swift */ = {isa = PBXFileReference; lastKnownFileType = sourcecode.swift; path = Similer.swift; sourceTree = "<group>"; };
		D648226E2A9115FA0094E274 /* Videos.swift */ = {isa = PBXFileReference; lastKnownFileType = sourcecode.swift; path = Videos.swift; sourceTree = "<group>"; };
		D67E68C12A99FB67009CC5D8 /* IntroViewController.swift */ = {isa = PBXFileReference; lastKnownFileType = sourcecode.swift; path = IntroViewController.swift; sourceTree = "<group>"; };
		D67E68C32A99FBD7009CC5D8 /* UserDefaultManager.swift */ = {isa = PBXFileReference; lastKnownFileType = sourcecode.swift; path = UserDefaultManager.swift; sourceTree = "<group>"; };
		D67E68C62A9A2697009CC5D8 /* FirstViewController.swift */ = {isa = PBXFileReference; lastKnownFileType = sourcecode.swift; path = FirstViewController.swift; sourceTree = "<group>"; };
		D67E68C82A9A26AF009CC5D8 /* SecondViewController.swift */ = {isa = PBXFileReference; lastKnownFileType = sourcecode.swift; path = SecondViewController.swift; sourceTree = "<group>"; };
		D67E68CA2A9A26B6009CC5D8 /* ThirdViewController.swift */ = {isa = PBXFileReference; lastKnownFileType = sourcecode.swift; path = ThirdViewController.swift; sourceTree = "<group>"; };
		D67E68CC2A9A26C8009CC5D8 /* FourthViewController.swift */ = {isa = PBXFileReference; lastKnownFileType = sourcecode.swift; path = FourthViewController.swift; sourceTree = "<group>"; };
		D67E68CF2A9A3143009CC5D8 /* OnboardingLabel.swift */ = {isa = PBXFileReference; lastKnownFileType = sourcecode.swift; path = OnboardingLabel.swift; sourceTree = "<group>"; };
		D67E68D12A9A3158009CC5D8 /* OnboardingImageView.swift */ = {isa = PBXFileReference; lastKnownFileType = sourcecode.swift; path = OnboardingImageView.swift; sourceTree = "<group>"; };
		D697CD222A887B7100DDC556 /* MovieAPIManager.swift */ = {isa = PBXFileReference; lastKnownFileType = sourcecode.swift; path = MovieAPIManager.swift; sourceTree = "<group>"; };
		D697CD252A889F1800DDC556 /* UILabel+Extension.swift */ = {isa = PBXFileReference; lastKnownFileType = sourcecode.swift; path = "UILabel+Extension.swift"; sourceTree = "<group>"; };
		D6B4D7572A9C9DC7007D7935 /* BaseViewController.swift */ = {isa = PBXFileReference; lastKnownFileType = sourcecode.swift; path = BaseViewController.swift; sourceTree = "<group>"; };
		D6B4D7592A9C9F22007D7935 /* BaseView.swift */ = {isa = PBXFileReference; lastKnownFileType = sourcecode.swift; path = BaseView.swift; sourceTree = "<group>"; };
		D6B4D75B2A9C9F89007D7935 /* BaseCollectionViewCell.swift */ = {isa = PBXFileReference; lastKnownFileType = sourcecode.swift; path = BaseCollectionViewCell.swift; sourceTree = "<group>"; };
		D6B4D75D2A9CA1AA007D7935 /* MovieTrendWeekView.swift */ = {isa = PBXFileReference; lastKnownFileType = sourcecode.swift; path = MovieTrendWeekView.swift; sourceTree = "<group>"; };
		D6B4D75F2A9CABDC007D7935 /* MovieDetailView.swift */ = {isa = PBXFileReference; lastKnownFileType = sourcecode.swift; path = MovieDetailView.swift; sourceTree = "<group>"; };
		D6B4D7612A9D0386007D7935 /* String+Extension.swift */ = {isa = PBXFileReference; lastKnownFileType = sourcecode.swift; path = "String+Extension.swift"; sourceTree = "<group>"; };
		D6CD17F62A9E183800732C3E /* ProfileViewController.swift */ = {isa = PBXFileReference; lastKnownFileType = sourcecode.swift; path = ProfileViewController.swift; sourceTree = "<group>"; };
		D6CD17F82A9E2A8000732C3E /* ProfileView.swift */ = {isa = PBXFileReference; lastKnownFileType = sourcecode.swift; path = ProfileView.swift; sourceTree = "<group>"; };
		D6CD17FA2A9E2B7F00732C3E /* BaseTableViewCell.swift */ = {isa = PBXFileReference; lastKnownFileType = sourcecode.swift; path = BaseTableViewCell.swift; sourceTree = "<group>"; };
		D6CD17FC2A9E46E500732C3E /* ProfileTableViewCell.swift */ = {isa = PBXFileReference; lastKnownFileType = sourcecode.swift; path = ProfileTableViewCell.swift; sourceTree = "<group>"; };
		D6CD17FF2A9E5BA700732C3E /* NameSettingViewController.swift */ = {isa = PBXFileReference; lastKnownFileType = sourcecode.swift; path = NameSettingViewController.swift; sourceTree = "<group>"; };
		D6CD18012A9E5BE000732C3E /* DelegatePatternTestProtocol.swift */ = {isa = PBXFileReference; lastKnownFileType = sourcecode.swift; path = DelegatePatternTestProtocol.swift; sourceTree = "<group>"; };
		D6CD18032A9E620900732C3E /* UserIdSettingViewController.swift */ = {isa = PBXFileReference; lastKnownFileType = sourcecode.swift; path = UserIdSettingViewController.swift; sourceTree = "<group>"; };
/* End PBXFileReference section */

/* Begin PBXFrameworksBuildPhase section */
		D61A5E6D2A87E63300D2EB40 /* Frameworks */ = {
			isa = PBXFrameworksBuildPhase;
			buildActionMask = 2147483647;
			files = (
				D61A5E8F2A87F0E000D2EB40 /* SwiftyJSON in Frameworks */,
				D67E68D52A9A37B6009CC5D8 /* SnapKit in Frameworks */,
				D61A5E8C2A87F0C100D2EB40 /* Kingfisher in Frameworks */,
				D61A5E892A87F0B800D2EB40 /* Alamofire in Frameworks */,
			);
			runOnlyForDeploymentPostprocessing = 0;
		};
/* End PBXFrameworksBuildPhase section */

/* Begin PBXGroup section */
		D61A5E672A87E63300D2EB40 = {
			isa = PBXGroup;
			children = (
				D61A5E722A87E63300D2EB40 /* TMDB */,
				D61A5E712A87E63300D2EB40 /* Products */,
			);
			sourceTree = "<group>";
		};
		D61A5E712A87E63300D2EB40 /* Products */ = {
			isa = PBXGroup;
			children = (
				D61A5E702A87E63300D2EB40 /* TMDB.app */,
			);
			name = Products;
			sourceTree = "<group>";
		};
		D61A5E722A87E63300D2EB40 /* TMDB */ = {
			isa = PBXGroup;
			children = (
				D6CD17F52A9E181600732C3E /* Profile */,
				D6CD17F42A9E180400732C3E /* Service */,
				D6CD17F32A9E17F400732C3E /* Protocol */,
				D67E68C52A9A1B4E009CC5D8 /* Onboarding */,
				D697CD242A889F0400DDC556 /* Extension */,
				D61AAC8D2A89026E00F3BE4C /* Controller */,
				D61A5E9C2A8810B600D2EB40 /* Cell */,
				D61AAC912A891D3600F3BE4C /* Model */,
				D6B4D7562A9C9B65007D7935 /* Base */,
				D61A5E732A87E63300D2EB40 /* AppDelegate.swift */,
				D61A5E752A87E63300D2EB40 /* SceneDelegate.swift */,
				D61A5E922A88001B00D2EB40 /* APIKey.swift */,
				D61A5E7E2A87E63400D2EB40 /* LaunchScreen.storyboard */,
				D61A5E902A87FFD500D2EB40 /* .gitIgnore */,
				D61A5E7C2A87E63400D2EB40 /* Assets.xcassets */,
				D61A5E812A87E63400D2EB40 /* Info.plist */,
			);
			path = TMDB;
			sourceTree = "<group>";
		};
		D61A5E9C2A8810B600D2EB40 /* Cell */ = {
			isa = PBXGroup;
			children = (
				D61A5E962A880D7D00D2EB40 /* MovieCollectionViewCell.swift */,
				D61A5E972A880D7D00D2EB40 /* MovieCollectionViewCell.xib */,
				D61AAC892A89026300F3BE4C /* MovieDetailTableViewCell.swift */,
				D61AAC8A2A89026300F3BE4C /* MovieDetailTableViewCell.xib */,
			);
			path = Cell;
			sourceTree = "<group>";
		};
		D61AAC8D2A89026E00F3BE4C /* Controller */ = {
			isa = PBXGroup;
			children = (
				D61A5E772A87E63300D2EB40 /* MovieTrendWeekViewController.swift */,
				D6B4D75D2A9CA1AA007D7935 /* MovieTrendWeekView.swift */,
				D61AAC8E2A89029900F3BE4C /* MovieDetailViewController.swift */,
				D6B4D75F2A9CABDC007D7935 /* MovieDetailView.swift */,
			);
			path = Controller;
			sourceTree = "<group>";
		};
		D61AAC912A891D3600F3BE4C /* Model */ = {
			isa = PBXGroup;
			children = (
				D61A5E942A880B5D00D2EB40 /* Movie.swift */,
				D61AAC962A8B628500F3BE4C /* MoviePersons.swift */,
				D648226C2A90C0810094E274 /* Similer.swift */,
				D648226E2A9115FA0094E274 /* Videos.swift */,
				D67E68C32A99FBD7009CC5D8 /* UserDefaultManager.swift */,
			);
			path = Model;
			sourceTree = "<group>";
		};
		D67E68C52A9A1B4E009CC5D8 /* Onboarding */ = {
			isa = PBXGroup;
			children = (
				D67E68CE2A9A3051009CC5D8 /* Custom */,
				D67E68C12A99FB67009CC5D8 /* IntroViewController.swift */,
				D67E68C62A9A2697009CC5D8 /* FirstViewController.swift */,
				D67E68C82A9A26AF009CC5D8 /* SecondViewController.swift */,
				D67E68CA2A9A26B6009CC5D8 /* ThirdViewController.swift */,
				D67E68CC2A9A26C8009CC5D8 /* FourthViewController.swift */,
			);
			path = Onboarding;
			sourceTree = "<group>";
		};
		D67E68CE2A9A3051009CC5D8 /* Custom */ = {
			isa = PBXGroup;
			children = (
				D67E68CF2A9A3143009CC5D8 /* OnboardingLabel.swift */,
				D67E68D12A9A3158009CC5D8 /* OnboardingImageView.swift */,
			);
			path = Custom;
			sourceTree = "<group>";
		};
		D697CD242A889F0400DDC556 /* Extension */ = {
			isa = PBXGroup;
			children = (
				D697CD252A889F1800DDC556 /* UILabel+Extension.swift */,
				D6B4D7612A9D0386007D7935 /* String+Extension.swift */,
			);
			path = Extension;
			sourceTree = "<group>";
		};
		D6B4D7562A9C9B65007D7935 /* Base */ = {
			isa = PBXGroup;
			children = (
				D6B4D7572A9C9DC7007D7935 /* BaseViewController.swift */,
				D6B4D7592A9C9F22007D7935 /* BaseView.swift */,
				D6B4D75B2A9C9F89007D7935 /* BaseCollectionViewCell.swift */,
				D6CD17FA2A9E2B7F00732C3E /* BaseTableViewCell.swift */,
			);
			path = Base;
			sourceTree = "<group>";
		};
		D6CD17F32A9E17F400732C3E /* Protocol */ = {
			isa = PBXGroup;
			children = (
				D61A5E9A2A880FA900D2EB40 /* identifierProtocol.swift */,
				D6CD18012A9E5BE000732C3E /* DelegatePatternTestProtocol.swift */,
			);
			path = Protocol;
			sourceTree = "<group>";
		};
		D6CD17F42A9E180400732C3E /* Service */ = {
			isa = PBXGroup;
			children = (
				D697CD222A887B7100DDC556 /* MovieAPIManager.swift */,
			);
			path = Service;
			sourceTree = "<group>";
		};
		D6CD17F52A9E181600732C3E /* Profile */ = {
			isa = PBXGroup;
			children = (
				D6CD17FE2A9E5B7B00732C3E /* DataSetting */,
				D6CD17F62A9E183800732C3E /* ProfileViewController.swift */,
				D6CD17F82A9E2A8000732C3E /* ProfileView.swift */,
				D6CD17FC2A9E46E500732C3E /* ProfileTableViewCell.swift */,
			);
			path = Profile;
			sourceTree = "<group>";
		};
		D6CD17FE2A9E5B7B00732C3E /* DataSetting */ = {
			isa = PBXGroup;
			children = (
				D6CD17FF2A9E5BA700732C3E /* NameSettingViewController.swift */,
				D6CD18032A9E620900732C3E /* UserIdSettingViewController.swift */,
			);
			path = DataSetting;
			sourceTree = "<group>";
		};
/* End PBXGroup section */

/* Begin PBXNativeTarget section */
		D61A5E6F2A87E63300D2EB40 /* TMDB */ = {
			isa = PBXNativeTarget;
			buildConfigurationList = D61A5E842A87E63400D2EB40 /* Build configuration list for PBXNativeTarget "TMDB" */;
			buildPhases = (
				D61A5E6C2A87E63300D2EB40 /* Sources */,
				D61A5E6D2A87E63300D2EB40 /* Frameworks */,
				D61A5E6E2A87E63300D2EB40 /* Resources */,
			);
			buildRules = (
			);
			dependencies = (
			);
			name = TMDB;
			packageProductDependencies = (
				D61A5E882A87F0B800D2EB40 /* Alamofire */,
				D61A5E8B2A87F0C100D2EB40 /* Kingfisher */,
				D61A5E8E2A87F0E000D2EB40 /* SwiftyJSON */,
				D67E68D42A9A37B6009CC5D8 /* SnapKit */,
			);
			productName = TMDB;
			productReference = D61A5E702A87E63300D2EB40 /* TMDB.app */;
			productType = "com.apple.product-type.application";
		};
/* End PBXNativeTarget section */

/* Begin PBXProject section */
		D61A5E682A87E63300D2EB40 /* Project object */ = {
			isa = PBXProject;
			attributes = {
				BuildIndependentTargetsInParallel = 1;
				LastSwiftUpdateCheck = 1430;
				LastUpgradeCheck = 1430;
				TargetAttributes = {
					D61A5E6F2A87E63300D2EB40 = {
						CreatedOnToolsVersion = 14.3.1;
					};
				};
			};
			buildConfigurationList = D61A5E6B2A87E63300D2EB40 /* Build configuration list for PBXProject "TMDB" */;
			compatibilityVersion = "Xcode 14.0";
			developmentRegion = en;
			hasScannedForEncodings = 0;
			knownRegions = (
				en,
				Base,
			);
			mainGroup = D61A5E672A87E63300D2EB40;
			packageReferences = (
				D61A5E872A87F0B800D2EB40 /* XCRemoteSwiftPackageReference "Alamofire" */,
				D61A5E8A2A87F0C100D2EB40 /* XCRemoteSwiftPackageReference "Kingfisher" */,
				D61A5E8D2A87F0E000D2EB40 /* XCRemoteSwiftPackageReference "SwiftyJSON" */,
				D67E68D32A9A37B6009CC5D8 /* XCRemoteSwiftPackageReference "SnapKit" */,
			);
			productRefGroup = D61A5E712A87E63300D2EB40 /* Products */;
			projectDirPath = "";
			projectRoot = "";
			targets = (
				D61A5E6F2A87E63300D2EB40 /* TMDB */,
			);
		};
/* End PBXProject section */

/* Begin PBXResourcesBuildPhase section */
		D61A5E6E2A87E63300D2EB40 /* Resources */ = {
			isa = PBXResourcesBuildPhase;
			buildActionMask = 2147483647;
			files = (
				D61A5E992A880D7D00D2EB40 /* MovieCollectionViewCell.xib in Resources */,
				D61A5E912A87FFD500D2EB40 /* .gitIgnore in Resources */,
				D61A5E802A87E63400D2EB40 /* LaunchScreen.storyboard in Resources */,
				D61AAC8C2A89026300F3BE4C /* MovieDetailTableViewCell.xib in Resources */,
				D61A5E7D2A87E63400D2EB40 /* Assets.xcassets in Resources */,
			);
			runOnlyForDeploymentPostprocessing = 0;
		};
/* End PBXResourcesBuildPhase section */

/* Begin PBXSourcesBuildPhase section */
		D61A5E6C2A87E63300D2EB40 /* Sources */ = {
			isa = PBXSourcesBuildPhase;
			buildActionMask = 2147483647;
			files = (
				D67E68C22A99FB67009CC5D8 /* IntroViewController.swift in Sources */,
				D61A5E782A87E63300D2EB40 /* MovieTrendWeekViewController.swift in Sources */,
				D67E68C42A99FBD7009CC5D8 /* UserDefaultManager.swift in Sources */,
				D6B4D75E2A9CA1AA007D7935 /* MovieTrendWeekView.swift in Sources */,
				D6B4D7582A9C9DC7007D7935 /* BaseViewController.swift in Sources */,
				D61A5E742A87E63300D2EB40 /* AppDelegate.swift in Sources */,
				D67E68CD2A9A26C8009CC5D8 /* FourthViewController.swift in Sources */,
				D67E68CB2A9A26B6009CC5D8 /* ThirdViewController.swift in Sources */,
				D6B4D7622A9D0386007D7935 /* String+Extension.swift in Sources */,
				D6CD17FD2A9E46E500732C3E /* ProfileTableViewCell.swift in Sources */,
				D61A5E9B2A880FA900D2EB40 /* identifierProtocol.swift in Sources */,
				D67E68D22A9A3158009CC5D8 /* OnboardingImageView.swift in Sources */,
				D648226F2A9115FA0094E274 /* Videos.swift in Sources */,
				D61A5E932A88001B00D2EB40 /* APIKey.swift in Sources */,
				D6CD17F72A9E183800732C3E /* ProfileViewController.swift in Sources */,
				D6B4D7602A9CABDC007D7935 /* MovieDetailView.swift in Sources */,
				D61A5E982A880D7D00D2EB40 /* MovieCollectionViewCell.swift in Sources */,
				D6CD18002A9E5BA700732C3E /* NameSettingViewController.swift in Sources */,
				D648226D2A90C0810094E274 /* Similer.swift in Sources */,
				D67E68C72A9A2697009CC5D8 /* FirstViewController.swift in Sources */,
				D61AAC8B2A89026300F3BE4C /* MovieDetailTableViewCell.swift in Sources */,
				D6B4D75C2A9C9F89007D7935 /* BaseCollectionViewCell.swift in Sources */,
				D6CD18042A9E620900732C3E /* UserIdSettingViewController.swift in Sources */,
				D6CD17FB2A9E2B7F00732C3E /* BaseTableViewCell.swift in Sources */,
				D6B4D75A2A9C9F22007D7935 /* BaseView.swift in Sources */,
				D61AAC972A8B628500F3BE4C /* MoviePersons.swift in Sources */,
				D6CD17F92A9E2A8000732C3E /* ProfileView.swift in Sources */,
				D67E68C92A9A26AF009CC5D8 /* SecondViewController.swift in Sources */,
				D6CD18022A9E5BE000732C3E /* DelegatePatternTestProtocol.swift in Sources */,
				D697CD232A887B7100DDC556 /* MovieAPIManager.swift in Sources */,
				D61A5E762A87E63300D2EB40 /* SceneDelegate.swift in Sources */,
				D61A5E952A880B5D00D2EB40 /* Movie.swift in Sources */,
				D67E68D02A9A3143009CC5D8 /* OnboardingLabel.swift in Sources */,
				D61AAC8F2A89029900F3BE4C /* MovieDetailViewController.swift in Sources */,
				D697CD262A889F1800DDC556 /* UILabel+Extension.swift in Sources */,
			);
			runOnlyForDeploymentPostprocessing = 0;
		};
/* End PBXSourcesBuildPhase section */

/* Begin PBXVariantGroup section */
		D61A5E7E2A87E63400D2EB40 /* LaunchScreen.storyboard */ = {
			isa = PBXVariantGroup;
			children = (
				D61A5E7F2A87E63400D2EB40 /* Base */,
			);
			name = LaunchScreen.storyboard;
			sourceTree = "<group>";
		};
/* End PBXVariantGroup section */

/* Begin XCBuildConfiguration section */
		D61A5E822A87E63400D2EB40 /* Debug */ = {
			isa = XCBuildConfiguration;
			buildSettings = {
				ALWAYS_SEARCH_USER_PATHS = NO;
				CLANG_ANALYZER_NONNULL = YES;
				CLANG_ANALYZER_NUMBER_OBJECT_CONVERSION = YES_AGGRESSIVE;
				CLANG_CXX_LANGUAGE_STANDARD = "gnu++20";
				CLANG_ENABLE_MODULES = YES;
				CLANG_ENABLE_OBJC_ARC = YES;
				CLANG_ENABLE_OBJC_WEAK = YES;
				CLANG_WARN_BLOCK_CAPTURE_AUTORELEASING = YES;
				CLANG_WARN_BOOL_CONVERSION = YES;
				CLANG_WARN_COMMA = YES;
				CLANG_WARN_CONSTANT_CONVERSION = YES;
				CLANG_WARN_DEPRECATED_OBJC_IMPLEMENTATIONS = YES;
				CLANG_WARN_DIRECT_OBJC_ISA_USAGE = YES_ERROR;
				CLANG_WARN_DOCUMENTATION_COMMENTS = YES;
				CLANG_WARN_EMPTY_BODY = YES;
				CLANG_WARN_ENUM_CONVERSION = YES;
				CLANG_WARN_INFINITE_RECURSION = YES;
				CLANG_WARN_INT_CONVERSION = YES;
				CLANG_WARN_NON_LITERAL_NULL_CONVERSION = YES;
				CLANG_WARN_OBJC_IMPLICIT_RETAIN_SELF = YES;
				CLANG_WARN_OBJC_LITERAL_CONVERSION = YES;
				CLANG_WARN_OBJC_ROOT_CLASS = YES_ERROR;
				CLANG_WARN_QUOTED_INCLUDE_IN_FRAMEWORK_HEADER = YES;
				CLANG_WARN_RANGE_LOOP_ANALYSIS = YES;
				CLANG_WARN_STRICT_PROTOTYPES = YES;
				CLANG_WARN_SUSPICIOUS_MOVE = YES;
				CLANG_WARN_UNGUARDED_AVAILABILITY = YES_AGGRESSIVE;
				CLANG_WARN_UNREACHABLE_CODE = YES;
				CLANG_WARN__DUPLICATE_METHOD_MATCH = YES;
				COPY_PHASE_STRIP = NO;
				DEBUG_INFORMATION_FORMAT = dwarf;
				ENABLE_STRICT_OBJC_MSGSEND = YES;
				ENABLE_TESTABILITY = YES;
				GCC_C_LANGUAGE_STANDARD = gnu11;
				GCC_DYNAMIC_NO_PIC = NO;
				GCC_NO_COMMON_BLOCKS = YES;
				GCC_OPTIMIZATION_LEVEL = 0;
				GCC_PREPROCESSOR_DEFINITIONS = (
					"DEBUG=1",
					"$(inherited)",
				);
				GCC_WARN_64_TO_32_BIT_CONVERSION = YES;
				GCC_WARN_ABOUT_RETURN_TYPE = YES_ERROR;
				GCC_WARN_UNDECLARED_SELECTOR = YES;
				GCC_WARN_UNINITIALIZED_AUTOS = YES_AGGRESSIVE;
				GCC_WARN_UNUSED_FUNCTION = YES;
				GCC_WARN_UNUSED_VARIABLE = YES;
				IPHONEOS_DEPLOYMENT_TARGET = 16.4;
				MTL_ENABLE_DEBUG_INFO = INCLUDE_SOURCE;
				MTL_FAST_MATH = YES;
				ONLY_ACTIVE_ARCH = YES;
				SDKROOT = iphoneos;
				SWIFT_ACTIVE_COMPILATION_CONDITIONS = DEBUG;
				SWIFT_OPTIMIZATION_LEVEL = "-Onone";
			};
			name = Debug;
		};
		D61A5E832A87E63400D2EB40 /* Release */ = {
			isa = XCBuildConfiguration;
			buildSettings = {
				ALWAYS_SEARCH_USER_PATHS = NO;
				CLANG_ANALYZER_NONNULL = YES;
				CLANG_ANALYZER_NUMBER_OBJECT_CONVERSION = YES_AGGRESSIVE;
				CLANG_CXX_LANGUAGE_STANDARD = "gnu++20";
				CLANG_ENABLE_MODULES = YES;
				CLANG_ENABLE_OBJC_ARC = YES;
				CLANG_ENABLE_OBJC_WEAK = YES;
				CLANG_WARN_BLOCK_CAPTURE_AUTORELEASING = YES;
				CLANG_WARN_BOOL_CONVERSION = YES;
				CLANG_WARN_COMMA = YES;
				CLANG_WARN_CONSTANT_CONVERSION = YES;
				CLANG_WARN_DEPRECATED_OBJC_IMPLEMENTATIONS = YES;
				CLANG_WARN_DIRECT_OBJC_ISA_USAGE = YES_ERROR;
				CLANG_WARN_DOCUMENTATION_COMMENTS = YES;
				CLANG_WARN_EMPTY_BODY = YES;
				CLANG_WARN_ENUM_CONVERSION = YES;
				CLANG_WARN_INFINITE_RECURSION = YES;
				CLANG_WARN_INT_CONVERSION = YES;
				CLANG_WARN_NON_LITERAL_NULL_CONVERSION = YES;
				CLANG_WARN_OBJC_IMPLICIT_RETAIN_SELF = YES;
				CLANG_WARN_OBJC_LITERAL_CONVERSION = YES;
				CLANG_WARN_OBJC_ROOT_CLASS = YES_ERROR;
				CLANG_WARN_QUOTED_INCLUDE_IN_FRAMEWORK_HEADER = YES;
				CLANG_WARN_RANGE_LOOP_ANALYSIS = YES;
				CLANG_WARN_STRICT_PROTOTYPES = YES;
				CLANG_WARN_SUSPICIOUS_MOVE = YES;
				CLANG_WARN_UNGUARDED_AVAILABILITY = YES_AGGRESSIVE;
				CLANG_WARN_UNREACHABLE_CODE = YES;
				CLANG_WARN__DUPLICATE_METHOD_MATCH = YES;
				COPY_PHASE_STRIP = NO;
				DEBUG_INFORMATION_FORMAT = "dwarf-with-dsym";
				ENABLE_NS_ASSERTIONS = NO;
				ENABLE_STRICT_OBJC_MSGSEND = YES;
				GCC_C_LANGUAGE_STANDARD = gnu11;
				GCC_NO_COMMON_BLOCKS = YES;
				GCC_WARN_64_TO_32_BIT_CONVERSION = YES;
				GCC_WARN_ABOUT_RETURN_TYPE = YES_ERROR;
				GCC_WARN_UNDECLARED_SELECTOR = YES;
				GCC_WARN_UNINITIALIZED_AUTOS = YES_AGGRESSIVE;
				GCC_WARN_UNUSED_FUNCTION = YES;
				GCC_WARN_UNUSED_VARIABLE = YES;
				IPHONEOS_DEPLOYMENT_TARGET = 16.4;
				MTL_ENABLE_DEBUG_INFO = NO;
				MTL_FAST_MATH = YES;
				SDKROOT = iphoneos;
				SWIFT_COMPILATION_MODE = wholemodule;
				SWIFT_OPTIMIZATION_LEVEL = "-O";
				VALIDATE_PRODUCT = YES;
			};
			name = Release;
		};
		D61A5E852A87E63400D2EB40 /* Debug */ = {
			isa = XCBuildConfiguration;
			buildSettings = {
				ASSETCATALOG_COMPILER_APPICON_NAME = AppIcon;
				ASSETCATALOG_COMPILER_GLOBAL_ACCENT_COLOR_NAME = AccentColor;
				CODE_SIGN_STYLE = Automatic;
				CURRENT_PROJECT_VERSION = 1;
				DEVELOPMENT_TEAM = Y7C6A3W353;
				GENERATE_INFOPLIST_FILE = YES;
				INFOPLIST_FILE = TMDB/Info.plist;
				INFOPLIST_KEY_UIApplicationSupportsIndirectInputEvents = YES;
				INFOPLIST_KEY_UILaunchStoryboardName = LaunchScreen;
				INFOPLIST_KEY_UISupportedInterfaceOrientations_iPad = "UIInterfaceOrientationPortrait UIInterfaceOrientationPortraitUpsideDown UIInterfaceOrientationLandscapeLeft UIInterfaceOrientationLandscapeRight";
				INFOPLIST_KEY_UISupportedInterfaceOrientations_iPhone = "UIInterfaceOrientationPortrait UIInterfaceOrientationLandscapeLeft UIInterfaceOrientationLandscapeRight";
				LD_RUNPATH_SEARCH_PATHS = (
					"$(inherited)",
					"@executable_path/Frameworks",
				);
				MARKETING_VERSION = 1.0;
				PRODUCT_BUNDLE_IDENTIFIER = com.sangnam.TMDB;
				PRODUCT_NAME = "$(TARGET_NAME)";
				SWIFT_EMIT_LOC_STRINGS = YES;
				SWIFT_VERSION = 5.0;
				TARGETED_DEVICE_FAMILY = "1,2";
			};
			name = Debug;
		};
		D61A5E862A87E63400D2EB40 /* Release */ = {
			isa = XCBuildConfiguration;
			buildSettings = {
				ASSETCATALOG_COMPILER_APPICON_NAME = AppIcon;
				ASSETCATALOG_COMPILER_GLOBAL_ACCENT_COLOR_NAME = AccentColor;
				CODE_SIGN_STYLE = Automatic;
				CURRENT_PROJECT_VERSION = 1;
				DEVELOPMENT_TEAM = Y7C6A3W353;
				GENERATE_INFOPLIST_FILE = YES;
				INFOPLIST_FILE = TMDB/Info.plist;
				INFOPLIST_KEY_UIApplicationSupportsIndirectInputEvents = YES;
				INFOPLIST_KEY_UILaunchStoryboardName = LaunchScreen;
				INFOPLIST_KEY_UISupportedInterfaceOrientations_iPad = "UIInterfaceOrientationPortrait UIInterfaceOrientationPortraitUpsideDown UIInterfaceOrientationLandscapeLeft UIInterfaceOrientationLandscapeRight";
				INFOPLIST_KEY_UISupportedInterfaceOrientations_iPhone = "UIInterfaceOrientationPortrait UIInterfaceOrientationLandscapeLeft UIInterfaceOrientationLandscapeRight";
				LD_RUNPATH_SEARCH_PATHS = (
					"$(inherited)",
					"@executable_path/Frameworks",
				);
				MARKETING_VERSION = 1.0;
				PRODUCT_BUNDLE_IDENTIFIER = com.sangnam.TMDB;
				PRODUCT_NAME = "$(TARGET_NAME)";
				SWIFT_EMIT_LOC_STRINGS = YES;
				SWIFT_VERSION = 5.0;
				TARGETED_DEVICE_FAMILY = "1,2";
			};
			name = Release;
		};
/* End XCBuildConfiguration section */

/* Begin XCConfigurationList section */
		D61A5E6B2A87E63300D2EB40 /* Build configuration list for PBXProject "TMDB" */ = {
			isa = XCConfigurationList;
			buildConfigurations = (
				D61A5E822A87E63400D2EB40 /* Debug */,
				D61A5E832A87E63400D2EB40 /* Release */,
			);
			defaultConfigurationIsVisible = 0;
			defaultConfigurationName = Release;
		};
		D61A5E842A87E63400D2EB40 /* Build configuration list for PBXNativeTarget "TMDB" */ = {
			isa = XCConfigurationList;
			buildConfigurations = (
				D61A5E852A87E63400D2EB40 /* Debug */,
				D61A5E862A87E63400D2EB40 /* Release */,
			);
			defaultConfigurationIsVisible = 0;
			defaultConfigurationName = Release;
		};
/* End XCConfigurationList section */

/* Begin XCRemoteSwiftPackageReference section */
		D61A5E872A87F0B800D2EB40 /* XCRemoteSwiftPackageReference "Alamofire" */ = {
			isa = XCRemoteSwiftPackageReference;
			repositoryURL = "https://github.com/Alamofire/Alamofire.git";
			requirement = {
				kind = upToNextMajorVersion;
				minimumVersion = 5.0.0;
			};
		};
		D61A5E8A2A87F0C100D2EB40 /* XCRemoteSwiftPackageReference "Kingfisher" */ = {
			isa = XCRemoteSwiftPackageReference;
			repositoryURL = "https://github.com/onevcat/Kingfisher.git";
			requirement = {
				kind = upToNextMajorVersion;
				minimumVersion = 7.0.0;
			};
		};
		D61A5E8D2A87F0E000D2EB40 /* XCRemoteSwiftPackageReference "SwiftyJSON" */ = {
			isa = XCRemoteSwiftPackageReference;
			repositoryURL = "https://github.com/SwiftyJSON/SwiftyJSON.git";
			requirement = {
				kind = upToNextMajorVersion;
				minimumVersion = 5.0.0;
			};
		};
		D67E68D32A9A37B6009CC5D8 /* XCRemoteSwiftPackageReference "SnapKit" */ = {
			isa = XCRemoteSwiftPackageReference;
			repositoryURL = "https://github.com/SnapKit/SnapKit.git";
			requirement = {
				kind = upToNextMajorVersion;
				minimumVersion = 5.0.0;
			};
		};
/* End XCRemoteSwiftPackageReference section */

/* Begin XCSwiftPackageProductDependency section */
		D61A5E882A87F0B800D2EB40 /* Alamofire */ = {
			isa = XCSwiftPackageProductDependency;
			package = D61A5E872A87F0B800D2EB40 /* XCRemoteSwiftPackageReference "Alamofire" */;
			productName = Alamofire;
		};
		D61A5E8B2A87F0C100D2EB40 /* Kingfisher */ = {
			isa = XCSwiftPackageProductDependency;
			package = D61A5E8A2A87F0C100D2EB40 /* XCRemoteSwiftPackageReference "Kingfisher" */;
			productName = Kingfisher;
		};
		D61A5E8E2A87F0E000D2EB40 /* SwiftyJSON */ = {
			isa = XCSwiftPackageProductDependency;
			package = D61A5E8D2A87F0E000D2EB40 /* XCRemoteSwiftPackageReference "SwiftyJSON" */;
			productName = SwiftyJSON;
		};
		D67E68D42A9A37B6009CC5D8 /* SnapKit */ = {
			isa = XCSwiftPackageProductDependency;
			package = D67E68D32A9A37B6009CC5D8 /* XCRemoteSwiftPackageReference "SnapKit" */;
			productName = SnapKit;
		};
/* End XCSwiftPackageProductDependency section */
	};
	rootObject = D61A5E682A87E63300D2EB40 /* Project object */;
}
